
Microsoft Visual Studio Solution File, Format Version 12.00
# Visual Studio Version 16
VisualStudioVersion = 16.0.31911.196
MinimumVisualStudioVersion = 10.0.40219.1
Project("{FAE04EC0-301F-11D3-BF4B-00C04F79EFBC}") = "AplicacaoEscolas.WebApi", "AplicacaoEscolas.WebApi\AplicacaoEscolas.WebApi.csproj", "{CB6B8193-4B57-4A41-BA77-44F7EC46EF4C}"
EndProject
Global
	GlobalSection(SolutionConfigurationPlatforms) = preSolution
		Debug|Any CPU = Debug|Any CPU
		Release|Any CPU = Release|Any CPU
	EndGlobalSection
	GlobalSection(ProjectConfigurationPlatforms) = postSolution
		{CB6B8193-4B57-4A41-BA77-44F7EC46EF4C}.Debug|Any CPU.ActiveCfg = Debug|Any CPU
		{CB6B8193-4B57-4A41-BA77-44F7EC46EF4C}.Debug|Any CPU.Build.0 = Debug|Any CPU
		{CB6B8193-4B57-4A41-BA77-44F7EC46EF4C}.Release|Any CPU.ActiveCfg = Release|Any CPU
		{CB6B8193-4B57-4A41-BA77-44F7EC46EF4C}.Release|Any CPU.Build.0 = Release|Any CPU
	EndGlobalSection
	GlobalSection(SolutionProperties) = preSolution
		HideSolutionNode = FALSE
	EndGlobalSection
	GlobalSection(ExtensibilityGlobals) = postSolution
		SolutionGuid = {C4156806-959F-49E0-A512-9C61546443D2}
	EndGlobalSection
EndGlobal
